
Microsoft Visual Studio Solution File, Format Version 12.00
# Visual Studio Version 17
VisualStudioVersion = 17.5.33516.290
MinimumVisualStudioVersion = 10.0.40219.1
Project("{FAE04EC0-301F-11D3-BF4B-00C04F79EFBC}") = "compare_demo", "compare_demo\compare_demo.csproj", "{DA8371CC-34A1-4C9C-BF5F-314BB835C1F8}"
EndProject
Global
	GlobalSection(SolutionConfigurationPlatforms) = preSolution
		Debug|Any CPU = Debug|Any CPU
		Release|Any CPU = Release|Any CPU
	EndGlobalSection
	GlobalSection(ProjectConfigurationPlatforms) = postSolution
		{DA8371CC-34A1-4C9C-BF5F-314BB835C1F8}.Debug|Any CPU.ActiveCfg = Debug|Any CPU
		{DA8371CC-34A1-4C9C-BF5F-314BB835C1F8}.Debug|Any CPU.Build.0 = Debug|Any CPU
		{DA8371CC-34A1-4C9C-BF5F-314BB835C1F8}.Release|Any CPU.ActiveCfg = Release|Any CPU
		{DA8371CC-34A1-4C9C-BF5F-314BB835C1F8}.Release|Any CPU.Build.0 = Release|Any CPU
	EndGlobalSection
	GlobalSection(SolutionProperties) = preSolution
		HideSolutionNode = FALSE
	EndGlobalSection
	GlobalSection(ExtensibilityGlobals) = postSolution
		SolutionGuid = {F8AC43CC-0424-40AB-B495-C6F335FC87E1}
	EndGlobalSection
EndGlobal
